
Microsoft Visual Studio Solution File, Format Version 12.00
Project("{FAE04EC0-301F-11D3-BF4B-00C04F79EFBC}") = "Week3Review", "Week3Review\Week3Review.csproj", "{B5E6780A-F828-400A-B09F-B8CD6F2BCDA0}"
EndProject
Project("{FAE04EC0-301F-11D3-BF4B-00C04F79EFBC}") = "People", "People\People.csproj", "{63D4D43A-64CD-4369-A918-5D8D07D342CE}"
EndProject
Global
	GlobalSection(SolutionConfigurationPlatforms) = preSolution
		Debug|Any CPU = Debug|Any CPU
		Release|Any CPU = Release|Any CPU
	EndGlobalSection
	GlobalSection(ProjectConfigurationPlatforms) = postSolution
		{B5E6780A-F828-400A-B09F-B8CD6F2BCDA0}.Debug|Any CPU.ActiveCfg = Debug|Any CPU
		{B5E6780A-F828-400A-B09F-B8CD6F2BCDA0}.Debug|Any CPU.Build.0 = Debug|Any CPU
		{B5E6780A-F828-400A-B09F-B8CD6F2BCDA0}.Release|Any CPU.ActiveCfg = Release|Any CPU
		{B5E6780A-F828-400A-B09F-B8CD6F2BCDA0}.Release|Any CPU.Build.0 = Release|Any CPU
		{63D4D43A-64CD-4369-A918-5D8D07D342CE}.Debug|Any CPU.ActiveCfg = Debug|Any CPU
		{63D4D43A-64CD-4369-A918-5D8D07D342CE}.Debug|Any CPU.Build.0 = Debug|Any CPU
		{63D4D43A-64CD-4369-A918-5D8D07D342CE}.Release|Any CPU.ActiveCfg = Release|Any CPU
		{63D4D43A-64CD-4369-A918-5D8D07D342CE}.Release|Any CPU.Build.0 = Release|Any CPU
	EndGlobalSection
EndGlobal
